
Microsoft Visual Studio Solution File, Format Version 12.00
# Visual Studio 14
VisualStudioVersion = 14.0.25123.0
MinimumVisualStudioVersion = 10.0.40219.1
Project("{FAE04EC0-301F-11D3-BF4B-00C04F79EFBC}") = "dreamlet.WebService", "dreamlet.WebService\dreamlet.WebService.csproj", "{F3B8C683-70D4-4BCD-86D5-616452DBD529}"
EndProject
Project("{FAE04EC0-301F-11D3-BF4B-00C04F79EFBC}") = "dreamlet.WebService.Tests", "dreamlet.WebService.Tests\dreamlet.WebService.Tests.csproj", "{E0163C9C-1BEF-4C83-80DE-6AE5F23445E0}"
EndProject
Project("{2150E333-8FDC-42A3-9474-1A3956D46DE8}") = "Frontend", "Frontend", "{4CF8B956-29EC-4FE4-BC62-B0CD600109F2}"
EndProject
Project("{2150E333-8FDC-42A3-9474-1A3956D46DE8}") = "Tests", "Tests", "{375FF299-F2A2-46B0-BE58-26438D9FB428}"
EndProject
Project("{2150E333-8FDC-42A3-9474-1A3956D46DE8}") = "Backend-Business", "Backend-Business", "{2124B888-380A-4C92-AC1B-023DD7A6D2DB}"
EndProject
Project("{2150E333-8FDC-42A3-9474-1A3956D46DE8}") = "Backend-Data", "Backend-Data", "{438E78BD-FC38-45D6-9E5C-A178642A6B06}"
EndProject
Project("{FAE04EC0-301F-11D3-BF4B-00C04F79EFBC}") = "dreamlet.DataAccessLayer", "dreamlet.DataAccessLayer\dreamlet.DataAccessLayer.csproj", "{78555352-E0EC-4532-ABD0-88FF29F5782E}"
EndProject
Project("{FAE04EC0-301F-11D3-BF4B-00C04F79EFBC}") = "dreamlet.BusinessLogicLayer", "dreamlet.BusinessLogicLayer\dreamlet.BusinessLogicLayer.csproj", "{5BB60522-8418-45E4-8309-CE34CFE9F13B}"
EndProject
Project("{FAE04EC0-301F-11D3-BF4B-00C04F79EFBC}") = "dreamlet.DatabaseEntites", "dreamlet.DatabaseEntites\dreamlet.DatabaseEntites.csproj", "{7D5B4D4E-8E24-47A5-A7FE-A5159A57892B}"
EndProject
Project("{2150E333-8FDC-42A3-9474-1A3956D46DE8}") = "Common", "Common", "{D22A3E15-F759-499A-B09B-C35F0B6B5905}"
EndProject
Project("{FAE04EC0-301F-11D3-BF4B-00C04F79EFBC}") = "dreamlet.Utilities", "dreamlet.Utilities\dreamlet.Utilities.csproj", "{87CD6FBA-6917-4A06-8988-77086E967790}"
EndProject
Project("{FAE04EC0-301F-11D3-BF4B-00C04F79EFBC}") = "dreamlet.Models", "dreamlet.Models\dreamlet.Models.csproj", "{D1F4D119-E6E1-4D0A-821A-8254F9E98CFC}"
EndProject
Project("{FAE04EC0-301F-11D3-BF4B-00C04F79EFBC}") = "dreamlet.Generic.Tests", "dreamlet.Generic.Tests\dreamlet.Generic.Tests.csproj", "{0A4C79B6-836F-4C88-9462-783CA8F767C1}"
	ProjectSection(ProjectDependencies) = postProject
		{D1F4D119-E6E1-4D0A-821A-8254F9E98CFC} = {D1F4D119-E6E1-4D0A-821A-8254F9E98CFC}
		{7D5B4D4E-8E24-47A5-A7FE-A5159A57892B} = {7D5B4D4E-8E24-47A5-A7FE-A5159A57892B}
		{78555352-E0EC-4532-ABD0-88FF29F5782E} = {78555352-E0EC-4532-ABD0-88FF29F5782E}
		{F3B8C683-70D4-4BCD-86D5-616452DBD529} = {F3B8C683-70D4-4BCD-86D5-616452DBD529}
		{87CD6FBA-6917-4A06-8988-77086E967790} = {87CD6FBA-6917-4A06-8988-77086E967790}
	EndProjectSection
EndProject
Global
	GlobalSection(SolutionConfigurationPlatforms) = preSolution
		Debug|Any CPU = Debug|Any CPU
		Release|Any CPU = Release|Any CPU
	EndGlobalSection
	GlobalSection(ProjectConfigurationPlatforms) = postSolution
		{F3B8C683-70D4-4BCD-86D5-616452DBD529}.Debug|Any CPU.ActiveCfg = Debug|Any CPU
		{F3B8C683-70D4-4BCD-86D5-616452DBD529}.Debug|Any CPU.Build.0 = Debug|Any CPU
		{F3B8C683-70D4-4BCD-86D5-616452DBD529}.Release|Any CPU.ActiveCfg = Release|Any CPU
		{F3B8C683-70D4-4BCD-86D5-616452DBD529}.Release|Any CPU.Build.0 = Release|Any CPU
		{E0163C9C-1BEF-4C83-80DE-6AE5F23445E0}.Debug|Any CPU.ActiveCfg = Debug|Any CPU
		{E0163C9C-1BEF-4C83-80DE-6AE5F23445E0}.Debug|Any CPU.Build.0 = Debug|Any CPU
		{E0163C9C-1BEF-4C83-80DE-6AE5F23445E0}.Release|Any CPU.ActiveCfg = Release|Any CPU
		{E0163C9C-1BEF-4C83-80DE-6AE5F23445E0}.Release|Any CPU.Build.0 = Release|Any CPU
		{78555352-E0EC-4532-ABD0-88FF29F5782E}.Debug|Any CPU.ActiveCfg = Debug|Any CPU
		{78555352-E0EC-4532-ABD0-88FF29F5782E}.Debug|Any CPU.Build.0 = Debug|Any CPU
		{78555352-E0EC-4532-ABD0-88FF29F5782E}.Release|Any CPU.ActiveCfg = Release|Any CPU
		{78555352-E0EC-4532-ABD0-88FF29F5782E}.Release|Any CPU.Build.0 = Release|Any CPU
		{5BB60522-8418-45E4-8309-CE34CFE9F13B}.Debug|Any CPU.ActiveCfg = Debug|Any CPU
		{5BB60522-8418-45E4-8309-CE34CFE9F13B}.Debug|Any CPU.Build.0 = Debug|Any CPU
		{5BB60522-8418-45E4-8309-CE34CFE9F13B}.Release|Any CPU.ActiveCfg = Release|Any CPU
		{5BB60522-8418-45E4-8309-CE34CFE9F13B}.Release|Any CPU.Build.0 = Release|Any CPU
		{7D5B4D4E-8E24-47A5-A7FE-A5159A57892B}.Debug|Any CPU.ActiveCfg = Debug|Any CPU
		{7D5B4D4E-8E24-47A5-A7FE-A5159A57892B}.Debug|Any CPU.Build.0 = Debug|Any CPU
		{7D5B4D4E-8E24-47A5-A7FE-A5159A57892B}.Release|Any CPU.ActiveCfg = Release|Any CPU
		{7D5B4D4E-8E24-47A5-A7FE-A5159A57892B}.Release|Any CPU.Build.0 = Release|Any CPU
		{87CD6FBA-6917-4A06-8988-77086E967790}.Debug|Any CPU.ActiveCfg = Debug|Any CPU
		{87CD6FBA-6917-4A06-8988-77086E967790}.Debug|Any CPU.Build.0 = Debug|Any CPU
		{87CD6FBA-6917-4A06-8988-77086E967790}.Release|Any CPU.ActiveCfg = Release|Any CPU
		{87CD6FBA-6917-4A06-8988-77086E967790}.Release|Any CPU.Build.0 = Release|Any CPU
		{D1F4D119-E6E1-4D0A-821A-8254F9E98CFC}.Debug|Any CPU.ActiveCfg = Debug|Any CPU
		{D1F4D119-E6E1-4D0A-821A-8254F9E98CFC}.Debug|Any CPU.Build.0 = Debug|Any CPU
		{D1F4D119-E6E1-4D0A-821A-8254F9E98CFC}.Release|Any CPU.ActiveCfg = Release|Any CPU
		{D1F4D119-E6E1-4D0A-821A-8254F9E98CFC}.Release|Any CPU.Build.0 = Release|Any CPU
		{0A4C79B6-836F-4C88-9462-783CA8F767C1}.Debug|Any CPU.ActiveCfg = Debug|Any CPU
		{0A4C79B6-836F-4C88-9462-783CA8F767C1}.Debug|Any CPU.Build.0 = Debug|Any CPU
		{0A4C79B6-836F-4C88-9462-783CA8F767C1}.Release|Any CPU.ActiveCfg = Release|Any CPU
		{0A4C79B6-836F-4C88-9462-783CA8F767C1}.Release|Any CPU.Build.0 = Release|Any CPU
	EndGlobalSection
	GlobalSection(SolutionProperties) = preSolution
		HideSolutionNode = FALSE
	EndGlobalSection
	GlobalSection(NestedProjects) = preSolution
		{F3B8C683-70D4-4BCD-86D5-616452DBD529} = {4CF8B956-29EC-4FE4-BC62-B0CD600109F2}
		{E0163C9C-1BEF-4C83-80DE-6AE5F23445E0} = {375FF299-F2A2-46B0-BE58-26438D9FB428}
		{78555352-E0EC-4532-ABD0-88FF29F5782E} = {438E78BD-FC38-45D6-9E5C-A178642A6B06}
		{5BB60522-8418-45E4-8309-CE34CFE9F13B} = {2124B888-380A-4C92-AC1B-023DD7A6D2DB}
		{7D5B4D4E-8E24-47A5-A7FE-A5159A57892B} = {438E78BD-FC38-45D6-9E5C-A178642A6B06}
		{87CD6FBA-6917-4A06-8988-77086E967790} = {D22A3E15-F759-499A-B09B-C35F0B6B5905}
		{D1F4D119-E6E1-4D0A-821A-8254F9E98CFC} = {2124B888-380A-4C92-AC1B-023DD7A6D2DB}
		{0A4C79B6-836F-4C88-9462-783CA8F767C1} = {375FF299-F2A2-46B0-BE58-26438D9FB428}
	EndGlobalSection
EndGlobal
